
Microsoft Visual Studio Solution File, Format Version 12.00
# Visual Studio 2013
VisualStudioVersion = 12.0.30723.0
MinimumVisualStudioVersion = 10.0.40219.1
Project("{FAE04EC0-301F-11D3-BF4B-00C04F79EFBC}") = "whiteboard", "whiteboard\whiteboard.csproj", "{D2E1043C-09A3-487C-9145-79E0D1CD08D1}"
EndProject
Global
	GlobalSection(SolutionConfigurationPlatforms) = preSolution
		Debug|Any CPU = Debug|Any CPU
		Release|Any CPU = Release|Any CPU
	EndGlobalSection
	GlobalSection(ProjectConfigurationPlatforms) = postSolution
		{D2E1043C-09A3-487C-9145-79E0D1CD08D1}.Debug|Any CPU.ActiveCfg = Debug|Any CPU
		{D2E1043C-09A3-487C-9145-79E0D1CD08D1}.Debug|Any CPU.Build.0 = Debug|Any CPU
		{D2E1043C-09A3-487C-9145-79E0D1CD08D1}.Release|Any CPU.ActiveCfg = Release|Any CPU
		{D2E1043C-09A3-487C-9145-79E0D1CD08D1}.Release|Any CPU.Build.0 = Release|Any CPU
	EndGlobalSection
	GlobalSection(SolutionProperties) = preSolution
		HideSolutionNode = FALSE
	EndGlobalSection
EndGlobal
